
Microsoft Visual Studio Solution File, Format Version 12.00
# Visual Studio Version 17
VisualStudioVersion = 17.4.33122.133
MinimumVisualStudioVersion = 10.0.40219.1
Project("{FAE04EC0-301F-11D3-BF4B-00C04F79EFBC}") = "Cs - Method practice tasks", "Cs - Method practice tasks\Cs - Method practice tasks.csproj", "{2479B2C1-E75B-4708-97C3-995599ED2911}"
EndProject
Global
	GlobalSection(SolutionConfigurationPlatforms) = preSolution
		Debug|Any CPU = Debug|Any CPU
		Release|Any CPU = Release|Any CPU
	EndGlobalSection
	GlobalSection(ProjectConfigurationPlatforms) = postSolution
		{2479B2C1-E75B-4708-97C3-995599ED2911}.Debug|Any CPU.ActiveCfg = Debug|Any CPU
		{2479B2C1-E75B-4708-97C3-995599ED2911}.Debug|Any CPU.Build.0 = Debug|Any CPU
		{2479B2C1-E75B-4708-97C3-995599ED2911}.Release|Any CPU.ActiveCfg = Release|Any CPU
		{2479B2C1-E75B-4708-97C3-995599ED2911}.Release|Any CPU.Build.0 = Release|Any CPU
	EndGlobalSection
	GlobalSection(SolutionProperties) = preSolution
		HideSolutionNode = FALSE
	EndGlobalSection
	GlobalSection(ExtensibilityGlobals) = postSolution
		SolutionGuid = {E2FBA0D5-2289-4DA3-B676-131E774A32A5}
	EndGlobalSection
EndGlobal
